
Microsoft Visual Studio Solution File, Format Version 12.00
# Visual Studio Version 16
VisualStudioVersion = 16.0.30717.126
MinimumVisualStudioVersion = 10.0.40219.1
Project("{8BC9CEB8-8B4A-11D0-8D11-00A0C91BC942}") = "tablica_z_haszowaniem", "tablica_z_haszowaniem.vcxproj", "{63FD9693-75F9-4E67-B77D-51C2E68A4D8E}"
EndProject
Global
	GlobalSection(SolutionConfigurationPlatforms) = preSolution
		Debug|x64 = Debug|x64
		Debug|x86 = Debug|x86
		Release|x64 = Release|x64
		Release|x86 = Release|x86
	EndGlobalSection
	GlobalSection(ProjectConfigurationPlatforms) = postSolution
		{63FD9693-75F9-4E67-B77D-51C2E68A4D8E}.Debug|x64.ActiveCfg = Debug|x64
		{63FD9693-75F9-4E67-B77D-51C2E68A4D8E}.Debug|x64.Build.0 = Debug|x64
		{63FD9693-75F9-4E67-B77D-51C2E68A4D8E}.Debug|x86.ActiveCfg = Debug|Win32
		{63FD9693-75F9-4E67-B77D-51C2E68A4D8E}.Debug|x86.Build.0 = Debug|Win32
		{63FD9693-75F9-4E67-B77D-51C2E68A4D8E}.Release|x64.ActiveCfg = Release|x64
		{63FD9693-75F9-4E67-B77D-51C2E68A4D8E}.Release|x64.Build.0 = Release|x64
		{63FD9693-75F9-4E67-B77D-51C2E68A4D8E}.Release|x86.ActiveCfg = Release|Win32
		{63FD9693-75F9-4E67-B77D-51C2E68A4D8E}.Release|x86.Build.0 = Release|Win32
	EndGlobalSection
	GlobalSection(SolutionProperties) = preSolution
		HideSolutionNode = FALSE
	EndGlobalSection
	GlobalSection(ExtensibilityGlobals) = postSolution
		SolutionGuid = {D350224F-2ED0-49F4-9D50-A0881D382064}
	EndGlobalSection
EndGlobal
